
Microsoft Visual Studio Solution File, Format Version 12.00
# Visual Studio Version 17
VisualStudioVersion = 17.5.33424.131
MinimumVisualStudioVersion = 10.0.40219.1
Project("{9A19103F-16F7-4668-BE54-9A1E7A4F7556}") = "version", "version\version.csproj", "{1AD574E7-100F-47BD-AE99-537BE6FBEAEB}"
EndProject
Project("{9A19103F-16F7-4668-BE54-9A1E7A4F7556}") = "Numbers", "Numbers\Numbers.csproj", "{9B34ABC9-971F-4DAA-8ED7-5473BFCAE219}"
EndProject
Project("{9A19103F-16F7-4668-BE54-9A1E7A4F7556}") = "Bit Logic", "Bit Logic\Bit Logic.csproj", "{9A6C3684-C72F-4E1D-84CB-3DC6CB028659}"
EndProject
Project("{9A19103F-16F7-4668-BE54-9A1E7A4F7556}") = "BinObjToString", "BinObjToString\BinObjToString.csproj", "{6099FC25-3F39-4481-A9C2-B2C799A32688}"
EndProject
Project("{9A19103F-16F7-4668-BE54-9A1E7A4F7556}") = "Exception", "Exception\Exception.csproj", "{293D26D9-5E73-4FF8-B69D-6144BD3A3ACC}"
EndProject
Project("{9A19103F-16F7-4668-BE54-9A1E7A4F7556}") = "Practice01", "Practice01\Practice01.csproj", "{10CDACC5-15A2-4E00-877A-6CBEB64C45B5}"
EndProject
Project("{9A19103F-16F7-4668-BE54-9A1E7A4F7556}") = "Practice02", "Practice02\Practice02.csproj", "{197F783B-7CD1-4DEF-9F7D-5F25FC9D9648}"
EndProject
Project("{9A19103F-16F7-4668-BE54-9A1E7A4F7556}") = "Practice03", "Practice03\Practice03.csproj", "{ABE2A3A6-58CB-42FC-8D69-5781C9A957E2}"
EndProject
Project("{9A19103F-16F7-4668-BE54-9A1E7A4F7556}") = "Methods", "Methods\Methods.csproj", "{4FBA27D2-D2FD-4E9F-8AD9-6A6B7BCA6780}"
EndProject
Project("{FAE04EC0-301F-11D3-BF4B-00C04F79EFBC}") = "Methods02", "Methods02\Methods02.csproj", "{17EADFEA-FFE7-4601-B946-9CBB1DCF63DA}"
EndProject
Global
	GlobalSection(SolutionConfigurationPlatforms) = preSolution
		Debug|Any CPU = Debug|Any CPU
		Release|Any CPU = Release|Any CPU
	EndGlobalSection
	GlobalSection(ProjectConfigurationPlatforms) = postSolution
		{1AD574E7-100F-47BD-AE99-537BE6FBEAEB}.Debug|Any CPU.ActiveCfg = Debug|Any CPU
		{1AD574E7-100F-47BD-AE99-537BE6FBEAEB}.Debug|Any CPU.Build.0 = Debug|Any CPU
		{1AD574E7-100F-47BD-AE99-537BE6FBEAEB}.Release|Any CPU.ActiveCfg = Release|Any CPU
		{1AD574E7-100F-47BD-AE99-537BE6FBEAEB}.Release|Any CPU.Build.0 = Release|Any CPU
		{9B34ABC9-971F-4DAA-8ED7-5473BFCAE219}.Debug|Any CPU.ActiveCfg = Debug|Any CPU
		{9B34ABC9-971F-4DAA-8ED7-5473BFCAE219}.Debug|Any CPU.Build.0 = Debug|Any CPU
		{9B34ABC9-971F-4DAA-8ED7-5473BFCAE219}.Release|Any CPU.ActiveCfg = Release|Any CPU
		{9B34ABC9-971F-4DAA-8ED7-5473BFCAE219}.Release|Any CPU.Build.0 = Release|Any CPU
		{9A6C3684-C72F-4E1D-84CB-3DC6CB028659}.Debug|Any CPU.ActiveCfg = Debug|Any CPU
		{9A6C3684-C72F-4E1D-84CB-3DC6CB028659}.Debug|Any CPU.Build.0 = Debug|Any CPU
		{9A6C3684-C72F-4E1D-84CB-3DC6CB028659}.Release|Any CPU.ActiveCfg = Release|Any CPU
		{9A6C3684-C72F-4E1D-84CB-3DC6CB028659}.Release|Any CPU.Build.0 = Release|Any CPU
		{6099FC25-3F39-4481-A9C2-B2C799A32688}.Debug|Any CPU.ActiveCfg = Debug|Any CPU
		{6099FC25-3F39-4481-A9C2-B2C799A32688}.Debug|Any CPU.Build.0 = Debug|Any CPU
		{6099FC25-3F39-4481-A9C2-B2C799A32688}.Release|Any CPU.ActiveCfg = Release|Any CPU
		{6099FC25-3F39-4481-A9C2-B2C799A32688}.Release|Any CPU.Build.0 = Release|Any CPU
		{293D26D9-5E73-4FF8-B69D-6144BD3A3ACC}.Debug|Any CPU.ActiveCfg = Debug|Any CPU
		{293D26D9-5E73-4FF8-B69D-6144BD3A3ACC}.Debug|Any CPU.Build.0 = Debug|Any CPU
		{293D26D9-5E73-4FF8-B69D-6144BD3A3ACC}.Release|Any CPU.ActiveCfg = Release|Any CPU
		{293D26D9-5E73-4FF8-B69D-6144BD3A3ACC}.Release|Any CPU.Build.0 = Release|Any CPU
		{10CDACC5-15A2-4E00-877A-6CBEB64C45B5}.Debug|Any CPU.ActiveCfg = Debug|Any CPU
		{10CDACC5-15A2-4E00-877A-6CBEB64C45B5}.Debug|Any CPU.Build.0 = Debug|Any CPU
		{10CDACC5-15A2-4E00-877A-6CBEB64C45B5}.Release|Any CPU.ActiveCfg = Release|Any CPU
		{10CDACC5-15A2-4E00-877A-6CBEB64C45B5}.Release|Any CPU.Build.0 = Release|Any CPU
		{197F783B-7CD1-4DEF-9F7D-5F25FC9D9648}.Debug|Any CPU.ActiveCfg = Debug|Any CPU
		{197F783B-7CD1-4DEF-9F7D-5F25FC9D9648}.Debug|Any CPU.Build.0 = Debug|Any CPU
		{197F783B-7CD1-4DEF-9F7D-5F25FC9D9648}.Release|Any CPU.ActiveCfg = Release|Any CPU
		{197F783B-7CD1-4DEF-9F7D-5F25FC9D9648}.Release|Any CPU.Build.0 = Release|Any CPU
		{ABE2A3A6-58CB-42FC-8D69-5781C9A957E2}.Debug|Any CPU.ActiveCfg = Debug|Any CPU
		{ABE2A3A6-58CB-42FC-8D69-5781C9A957E2}.Debug|Any CPU.Build.0 = Debug|Any CPU
		{ABE2A3A6-58CB-42FC-8D69-5781C9A957E2}.Release|Any CPU.ActiveCfg = Release|Any CPU
		{ABE2A3A6-58CB-42FC-8D69-5781C9A957E2}.Release|Any CPU.Build.0 = Release|Any CPU
		{4FBA27D2-D2FD-4E9F-8AD9-6A6B7BCA6780}.Debug|Any CPU.ActiveCfg = Debug|Any CPU
		{4FBA27D2-D2FD-4E9F-8AD9-6A6B7BCA6780}.Debug|Any CPU.Build.0 = Debug|Any CPU
		{4FBA27D2-D2FD-4E9F-8AD9-6A6B7BCA6780}.Release|Any CPU.ActiveCfg = Release|Any CPU
		{4FBA27D2-D2FD-4E9F-8AD9-6A6B7BCA6780}.Release|Any CPU.Build.0 = Release|Any CPU
		{17EADFEA-FFE7-4601-B946-9CBB1DCF63DA}.Debug|Any CPU.ActiveCfg = Debug|Any CPU
		{17EADFEA-FFE7-4601-B946-9CBB1DCF63DA}.Debug|Any CPU.Build.0 = Debug|Any CPU
		{17EADFEA-FFE7-4601-B946-9CBB1DCF63DA}.Release|Any CPU.ActiveCfg = Release|Any CPU
		{17EADFEA-FFE7-4601-B946-9CBB1DCF63DA}.Release|Any CPU.Build.0 = Release|Any CPU
	EndGlobalSection
	GlobalSection(SolutionProperties) = preSolution
		HideSolutionNode = FALSE
	EndGlobalSection
	GlobalSection(ExtensibilityGlobals) = postSolution
		SolutionGuid = {7996603D-F939-4301-B0D0-5693B0FAF453}
	EndGlobalSection
EndGlobal
